{
  "version": 4,
  "terraform_version": "1.2.2",
  "serial": 607,
  "lineage": "05262293-6872-1c76-4d71-0285f03c3294",
  "outputs": {
    "public_ip": {
      "value": "54.196.23.67",
      "type": "string"
    },
    "tls_private_key": {
      "value": "-----BEGIN RSA PRIVATE KEY-----\nMIIJKgIBAAKCAgEApUV7SdJg0XN5/NRFVIRA+7ciuCn4Q74u3VsPmBnjGRSmBmwJ\ngYGoKpzbx1j9V4W0fvpZmdL2fTs+gZssklcT6K/R8V5eLmABZurjQgTbmJ/mCSC7\nho85pjvGzzGVEY0b4dKaSF07kCtxqtpxNkwfogsiQujG/WxVt/NJvtf/5fx1leWF\nTS1hZLsZ0MjfnbDlSx7NJGBFz5tsU0PUCa4589qA8n2EuEIwCUripWDDpkrv4dIf\nFScyf4jXZRcD4KOEjMDprh0yVPx8ITlX6BBh4YUQsMIt5HkAFqBDrxSJ1sqavRT7\n0hL27w9CG5edtIidgTdVJBFgPvp5fVCaU6LRkHTRo1L9rvjaqThebV/CxYPdp3ls\nxqG1MeOLJlcce35awIjda8j7gEUwKA1Udilgm64hCwUpJbcyyTYgxts7mIaeXkHp\nJsLij5TIuPGKNrUAOnoS4x6avplJFBdUyH+uhwaoQv46DCaGHbDrCFJaOX7nPpcQ\nqBTXfEeLn6n1BULT4JL+MasjBoaiHCo0NxzXMBeWzwRRueHBRm/apiSxps06dunD\nRl6tkJn2ymzouJnMIOZ8mc1ruida+Hl6rG+1htKlXRJPsiOttKLZtPu4axHThzpu\nKf7PofieUZPXFrhy5ya+vJfQjK3SCVsEBM8E5X5AJ4eOjgKzR5wqh2CMM9ECAwEA\nAQKCAgAdLquaWV9nHHDJx+GGDuQ6jhe/VQnVTFuSEmYqgUesQg0ezSzQhUhgXdog\n1QHG1oEMesAffTSw4CklUXUJUf7d802qxPL0VVdqCMef/KOZy4Ie0nzKQbf4Nk3g\nf+zGcJgfw8QiSvQdfM5RUMj0wXREdJrUHa4lSV/JX1gCLrmsrmtE0IY9Hmo4EyF3\n0EBL49RY81NdvPIWumbiPPPP0cfB2y8xoiAxON6qhWKHuRJS5qB8y1FZttYf1tXR\nr8Krg7P/9oBMkjM09nAkna979oiR/aD41RCtawAs/pd07rd4CcZQ5MeiTF71z0fo\n/1iFbCoDivWprLfF5wxUqErXwcQm6Q7PE83H31wZJSwZruN/UG22S3cPveSlC3Lc\n0wVxYMHxEAO0WNccfYvEpHIjOEZmCSsZzE+IHVzCGbPJGL8pdx/OqR2RRgbjOL+z\nOdtb2pcj/LvL5X9UqD0+jjcL14zos5ONi7lqGP7n5vsdHTrmjx+RcJSVnXPv8Ixl\n+3VY5F742O3EO8at8qrzoeomq1/bFSHXYDjE1mf9GniVobY7TwLzOjv4BAbi3YHM\n7WTnyZfSzhQrN5drrC9+JR/IRSRwz8PTvcrvm/y9BKmKOW2i43q/+qsNGU8vYmh1\nQ9EzHPZ/+ByhtGMKrJmXUDioFwd7xOsDlsZnebMerJ11W8ztAQKCAQEA02VgsX0D\n9r0BUYmdp1ZBNB15cqsSSenqEJMVao7p5o0+0e20Fq9wJthBPuHY4T6sGmzFyNiz\n/ASHc4eDlRpx84mbSAP0Z4rT+BNO0Cvnuqc0PSC28w+x9glesHjCiPeHGFCZNa3/\nykMiCo2Hlk1rRHYABeF3jhYt6OWsgqj684bM+17twzj00nGFxhdIegNtVt7XlQkG\nmVsKkTVQas0As7rTptXJQvPrXi2yiMDxHsG8L7x++L4w/yuK3fPpVRV8nZsOcxxG\n85ihO1+pzogkAKe53Ye/iILDEU4KSD4EXe8FHYwSX2ClwfqGvpLWXk72G8CqSNFS\nEBcRw7fZjDZiKQKCAQEAyCSrWDbf/PvuIltt35k+aBAGiLe5AwM6ucBmc6BR1PbK\nf4ZoOIwwOcT17vNJEy4YpUnXKvDdwcxPmTt9k6P6R3uiqDboeiIrSzvUoyAQBM/P\nBf+yjpR4VsB8x874R2aOp15GbPvFKVum1dE+tr2GEIovm+9tt00tWjde2Sz5BC0x\ngP/eunRts/4vorleXU6eRfabGDUIQD1zeaRb9UXJpRXBO7B4PdFil59zDZ3MStKM\nOgDDDfXvuZeHWCSvWbPRexwauzFaOL8hWsQiS4smNno3QN7PmPtbSNUbwJ1ubFq2\n+OcOA5enkhuPfY9Zc/6F5X1ECpMm4olD69MAGMaJaQKCAQEApkoMCvJdiN1aySoo\nwvZd6kH5RBOAGnaP8iPRZ/Yt1ndrYDXNQT8WSOg6Qt3j/iOPvGWuG/Ujd+6UInQK\nNOMNmla3uKmruzuAzJdbmvO+oJxgwmkWoRLKmdD7FHSaCqY0NhNIweoy2Yd/oq98\nZeZWqA7uq7GVm0alLJxm3I1SgviaDG67N6N5KoW0hoPQNnK1su0uxoTIFSCBqoI2\n1RyYHcmsLoPjgvBfSMFHvL2RrvEVOLPdaYwq/L7iyP/Sn2R8l3nenvwyb/KzegIh\nkF6Ve5J06eeb6iV6jwVFn1hxlPatnnWOCkr7eSC6l/Tn/l28yU4AZbGLDS8ogT4B\nOoOZKQKCAQEAqoxEzkkEmal8hR5wBEernDV7u+kC6QRJeJvxMbp9wQIEEKNSEE21\nkqS6BUKfFI8FRWQkzFywO0KE2ciN+8+RqHQ8aSdQ9zJCvjtfuRnLTK5gdXYsi78M\nxLAGJKXDf+Ruz0RQsvHgUpvdEPrbfBEIOvPmGfTvA3HqoaPpWRsvn1V7h7eB7lTk\nXqrNoNZhCRXDXU8FXp1iSIuU6SUbj2hGqjxdiyWXcOYKI7Yl7oZ23ZOJFqwriqv1\n+aqcFIo+Oiw257dNOBKYFR8ZpyTXLJSInYeLqeWz9WLLqMagfYQp4n9yx6rskDcc\n/i4qGg6bZXKQWrxhzLkUO5pInJ4SyQn1cQKCAQEAxF3q+KHnd5eG/pA/PGNHgVXg\neuxJYaF1gY94IkS3K6Y+46onB1/OvJJr7NDb59FHJl3NCaNS3R/pYFnHFagH5EPl\nld2OybBkt4G9FIriZqx2iywx7KWt1yGOM63ejb82ZWUG5aNBh7+bE57XcLnrdC3V\ntGoRWGbTotWZo3swMWl2YVOPSGXvK23m+kRtJe1/7UfGxtiMF2q4551sJXyiVmO7\ne0PJjSZg9i/LHaeSJwsTWgRvs7XuODbGK7yKcJbUk3sAgweCTzgZrW/vE2sreA2H\nGOmNYCZJw3yj/O2sbQU2/j8/Y39fU83plAVea731rvF32uY5sa2Kf2xXmNPDmQ==\n-----END RSA PRIVATE KEY-----\n",
      "type": "string",
      "sensitive": true
    }
  },
  "resources": [
    {
      "module": "module.ec2",
      "mode": "managed",
      "type": "aws_instance",
      "name": "sudos-duihua-ec2",
      "provider": "provider[\"registry.terraform.io/hashicorp/aws\"]",
      "instances": [
        {
          "schema_version": 1,
          "attributes": {
            "ami": "ami-052efd3df9dad4825",
            "arn": "arn:aws:ec2:us-east-1:365599589601:instance/i-0258a0fa3dc21ca97",
            "associate_public_ip_address": true,
            "availability_zone": "us-east-1a",
            "capacity_reservation_specification": [
              {
                "capacity_reservation_preference": "open",
                "capacity_reservation_target": []
              }
            ],
            "cpu_core_count": 2,
            "cpu_threads_per_core": 1,
            "credit_specification": [
              {
                "cpu_credits": "standard"
              }
            ],
            "disable_api_termination": false,
            "ebs_block_device": [],
            "ebs_optimized": false,
            "enclave_options": [
              {
                "enabled": false
              }
            ],
            "ephemeral_block_device": [],
            "get_password_data": false,
            "hibernation": false,
            "host_id": null,
            "iam_instance_profile": "",
            "id": "i-0258a0fa3dc21ca97",
            "instance_initiated_shutdown_behavior": "stop",
            "instance_state": "running",
            "instance_type": "t2.large",
            "ipv6_address_count": 0,
            "ipv6_addresses": [],
            "key_name": "sudos-key",
            "launch_template": [],
            "maintenance_options": [
              {
                "auto_recovery": "default"
              }
            ],
            "metadata_options": [
              {
                "http_endpoint": "enabled",
                "http_put_response_hop_limit": 1,
                "http_tokens": "optional",
                "instance_metadata_tags": "disabled"
              }
            ],
            "monitoring": false,
            "network_interface": [],
            "outpost_arn": "",
            "password_data": "",
            "placement_group": "",
            "placement_partition_number": null,
            "primary_network_interface_id": "eni-0a1720c289b4780fd",
            "private_dns": "ip-192-168-1-253.ec2.internal",
            "private_ip": "192.168.1.253",
            "public_dns": "",
            "public_ip": "18.232.64.89",
            "root_block_device": [
              {
                "delete_on_termination": true,
                "device_name": "/dev/sda1",
                "encrypted": false,
                "iops": 100,
                "kms_key_id": "",
                "tags": {},
                "throughput": 0,
                "volume_id": "vol-09b40ed72d2cc229f",
                "volume_size": 8,
                "volume_type": "gp2"
              }
            ],
            "secondary_private_ips": [],
            "security_groups": [],
            "source_dest_check": true,
            "subnet_id": "subnet-0fe2899882a640ceb",
            "tags": {
              "Name": "sudos-duihua-ec2"
            },
            "tags_all": {
              "Name": "sudos-duihua-ec2"
            },
            "tenancy": "default",
            "timeouts": null,
            "user_data": "b14e11cbe9228332df3b2e1ccd730456a14a676e",
            "user_data_base64": null,
            "user_data_replace_on_change": false,
            "volume_tags": null,
            "vpc_security_group_ids": [
              "sg-03f4a31600d4692c6"
            ]
          },
          "sensitive_attributes": [],
          "private": "eyJlMmJmYjczMC1lY2FhLTExZTYtOGY4OC0zNDM2M2JjN2M0YzAiOnsiY3JlYXRlIjo2MDAwMDAwMDAwMDAsImRlbGV0ZSI6MTIwMDAwMDAwMDAwMCwidXBkYXRlIjo2MDAwMDAwMDAwMDB9LCJzY2hlbWFfdmVyc2lvbiI6IjEifQ==",
          "dependencies": [
            "module.key.aws_key_pair.sudos-key",
            "module.vpc.aws_internet_gateway.sudos-duihua-gateway",
            "module.vpc.aws_route.sudos-duihua-public-route",
            "module.vpc.aws_route_table.sudos-duihua-public-rt",
            "module.vpc.aws_route_table_association.public",
            "module.vpc.aws_security_group.sudos-duihua-sg",
            "module.vpc.aws_subnet.sudos-duihua-public_subnet",
            "module.vpc.aws_subnet.sudos-duihua-public_subnet2",
            "module.vpc.aws_vpc.sudos-duihua-vpc"
          ]
        }
      ]
    },
    {
      "module": "module.elasticbeanstalk",
      "mode": "managed",
      "type": "aws_elastic_beanstalk_application",
      "name": "sudos-duihua-app",
      "provider": "provider[\"registry.terraform.io/hashicorp/aws\"]",
      "instances": [
        {
          "schema_version": 0,
          "attributes": {
            "appversion_lifecycle": [],
            "arn": "arn:aws:elasticbeanstalk:us-east-1:365599589601:application/sudos-duihua-app",
            "description": "",
            "id": "sudos-duihua-app",
            "name": "sudos-duihua-app",
            "tags": {},
            "tags_all": {}
          },
          "sensitive_attributes": [],
          "private": "bnVsbA=="
        }
      ]
    },
    {
      "module": "module.elasticbeanstalk",
      "mode": "managed",
      "type": "aws_elastic_beanstalk_environment",
      "name": "sudos-duihua-env",
      "provider": "provider[\"registry.terraform.io/hashicorp/aws\"]",
      "instances": [
        {
          "schema_version": 1,
          "attributes": {
            "all_settings": [
              {
                "name": "AppSource",
                "namespace": "aws:cloudformation:template:parameter",
                "resource": "",
                "value": "https://elasticbeanstalk-platform-assets-us-east-1.s3.amazonaws.com/stalks/eb_tomcat85corretto11_amazon_linux_2_1.0.1334.0_20220826002241/sampleapp/EBSampleApp-Tomcat.zip"
              },
              {
                "name": "Application Healthcheck URL",
                "namespace": "aws:elasticbeanstalk:application",
                "resource": "",
                "value": ""
              },
              {
                "name": "AssociatePublicIpAddress",
                "namespace": "aws:ec2:vpc",
                "resource": "",
                "value": ""
              },
              {
                "name": "Automatically Terminate Unhealthy Instances",
                "namespace": "aws:elasticbeanstalk:monitoring",
                "resource": "",
                "value": "true"
              },
              {
                "name": "Availability Zones",
                "namespace": "aws:autoscaling:asg",
                "resource": "",
                "value": "Any"
              },
              {
                "name": "BatchSize",
                "namespace": "aws:elasticbeanstalk:command",
                "resource": "",
                "value": "100"
              },
              {
                "name": "BatchSizeType",
                "namespace": "aws:elasticbeanstalk:command",
                "resource": "",
                "value": "Percentage"
              },
              {
                "name": "BlockDeviceMappings",
                "namespace": "aws:autoscaling:launchconfiguration",
                "resource": "",
                "value": ""
              },
              {
                "name": "BreachDuration",
                "namespace": "aws:autoscaling:trigger",
                "resource": "",
                "value": "5"
              },
              {
                "name": "ConfigDocument",
                "namespace": "aws:elasticbeanstalk:healthreporting:system",
                "resource": "",
                "value": "{\"Version\":1,\"CloudWatchMetrics\":{\"Instance\":{\"CPUIrq\":null,\"LoadAverage5min\":null,\"ApplicationRequests5xx\":null,\"ApplicationRequests4xx\":null,\"CPUUser\":null,\"LoadAverage1min\":null,\"ApplicationLatencyP50\":null,\"CPUIdle\":null,\"InstanceHealth\":null,\"ApplicationLatencyP95\":null,\"ApplicationLatencyP85\":null,\"RootFilesystemUtil\":null,\"ApplicationLatencyP90\":null,\"CPUSystem\":null,\"ApplicationLatencyP75\":null,\"CPUSoftirq\":null,\"ApplicationLatencyP10\":null,\"ApplicationLatencyP99\":null,\"ApplicationRequestsTotal\":null,\"ApplicationLatencyP99.9\":null,\"ApplicationRequests3xx\":null,\"ApplicationRequests2xx\":null,\"CPUIowait\":null,\"CPUNice\":null},\"Environment\":{\"InstancesSevere\":null,\"InstancesDegraded\":null,\"ApplicationRequests5xx\":null,\"ApplicationRequests4xx\":null,\"ApplicationLatencyP50\":null,\"ApplicationLatencyP95\":null,\"ApplicationLatencyP85\":null,\"InstancesUnknown\":null,\"ApplicationLatencyP90\":null,\"InstancesInfo\":null,\"InstancesPending\":null,\"ApplicationLatencyP75\":null,\"ApplicationLatencyP10\":null,\"ApplicationLatencyP99\":null,\"ApplicationRequestsTotal\":null,\"InstancesNoData\":null,\"ApplicationLatencyP99.9\":null,\"ApplicationRequests3xx\":null,\"ApplicationRequests2xx\":null,\"InstancesOk\":null,\"InstancesWarning\":null}}}"
              },
              {
                "name": "ConnectionDrainingEnabled",
                "namespace": "aws:elb:policies",
                "resource": "",
                "value": "false"
              },
              {
                "name": "ConnectionDrainingTimeout",
                "namespace": "aws:elb:policies",
                "resource": "",
                "value": "20"
              },
              {
                "name": "ConnectionSettingIdleTimeout",
                "namespace": "aws:elb:policies",
                "resource": "",
                "value": "60"
              },
              {
                "name": "Cooldown",
                "namespace": "aws:autoscaling:asg",
                "resource": "",
                "value": "360"
              },
              {
                "name": "CrossZone",
                "namespace": "aws:elb:loadbalancer",
                "resource": "",
                "value": "false"
              },
              {
                "name": "Custom Availability Zones",
                "namespace": "aws:autoscaling:asg",
                "resource": "",
                "value": ""
              },
              {
                "name": "DefaultSSHPort",
                "namespace": "aws:elasticbeanstalk:control",
                "resource": "",
                "value": "22"
              },
              {
                "name": "DeleteOnTerminate",
                "namespace": "aws:elasticbeanstalk:cloudwatch:logs",
                "resource": "",
                "value": "false"
              },
              {
                "name": "DeleteOnTerminate",
                "namespace": "aws:elasticbeanstalk:cloudwatch:logs:health",
                "resource": "",
                "value": "false"
              },
              {
                "name": "DeploymentPolicy",
                "namespace": "aws:elasticbeanstalk:command",
                "resource": "",
                "value": "AllAtOnce"
              },
              {
                "name": "DisableIMDSv1",
                "namespace": "aws:autoscaling:launchconfiguration",
                "resource": "",
                "value": "false"
              },
              {
                "name": "EC2KeyName",
                "namespace": "aws:autoscaling:launchconfiguration",
                "resource": "",
                "value": ""
              },
              {
                "name": "ELBScheme",
                "namespace": "aws:ec2:vpc",
                "resource": "",
                "value": "public"
              },
              {
                "name": "ELBSubnets",
                "namespace": "aws:ec2:vpc",
                "resource": "",
                "value": ""
              },
              {
                "name": "EnableCapacityRebalancing",
                "namespace": "aws:autoscaling:asg",
                "resource": "",
                "value": "false"
              },
              {
                "name": "EnableSpot",
                "namespace": "aws:ec2:instances",
                "resource": "",
                "value": "false"
              },
              {
                "name": "EnhancedHealthAuthEnabled",
                "namespace": "aws:elasticbeanstalk:healthreporting:system",
                "resource": "",
                "value": "true"
              },
              {
                "name": "EnvironmentType",
                "namespace": "aws:elasticbeanstalk:environment",
                "resource": "",
                "value": "LoadBalanced"
              },
              {
                "name": "EnvironmentVariables",
                "namespace": "aws:cloudformation:template:parameter",
                "resource": "",
                "value": "JDBC_CONNECTION_STRING="
              },
              {
                "name": "EvaluationPeriods",
                "namespace": "aws:autoscaling:trigger",
                "resource": "",
                "value": "1"
              },
              {
                "name": "ExternalExtensionsS3Bucket",
                "namespace": "aws:elasticbeanstalk:environment",
                "resource": "",
                "value": ""
              },
              {
                "name": "ExternalExtensionsS3Key",
                "namespace": "aws:elasticbeanstalk:environment",
                "resource": "",
                "value": ""
              },
              {
                "name": "HasCoupledDatabase",
                "namespace": "aws:rds:dbinstance",
                "resource": "",
                "value": "false"
              },
              {
                "name": "HealthCheckSuccessThreshold",
                "namespace": "aws:elasticbeanstalk:healthreporting:system",
                "resource": "",
                "value": "Ok"
              },
              {
                "name": "HealthStreamingEnabled",
                "namespace": "aws:elasticbeanstalk:cloudwatch:logs:health",
                "resource": "",
                "value": "false"
              },
              {
                "name": "HealthyThreshold",
                "namespace": "aws:elb:healthcheck",
                "resource": "",
                "value": "3"
              },
              {
                "name": "HooksPkgUrl",
                "namespace": "aws:cloudformation:template:parameter",
                "resource": "",
                "value": "https://elasticbeanstalk-platform-assets-us-east-1.s3.amazonaws.com/stalks/eb_tomcat85corretto11_amazon_linux_2_1.0.1334.0_20220826002241/lib/hooks.tar.gz"
              },
              {
                "name": "IamInstanceProfile",
                "namespace": "aws:autoscaling:launchconfiguration",
                "resource": "",
                "value": "aws-elasticbeanstalk-ec2-role"
              },
              {
                "name": "IgnoreHealthCheck",
                "namespace": "aws:elasticbeanstalk:command",
                "resource": "",
                "value": "false"
              },
              {
                "name": "ImageId",
                "namespace": "aws:autoscaling:launchconfiguration",
                "resource": "",
                "value": "ami-0cfe09a14aad217be"
              },
              {
                "name": "InstancePort",
                "namespace": "aws:cloudformation:template:parameter",
                "resource": "",
                "value": "80"
              },
              {
                "name": "InstancePort",
                "namespace": "aws:elb:listener:80",
                "resource": "",
                "value": "80"
              },
              {
                "name": "InstanceProtocol",
                "namespace": "aws:elb:listener:80",
                "resource": "",
                "value": "HTTP"
              },
              {
                "name": "InstanceRefreshEnabled",
                "namespace": "aws:elasticbeanstalk:managedactions:platformupdate",
                "resource": "",
                "value": "false"
              },
              {
                "name": "InstanceType",
                "namespace": "aws:autoscaling:launchconfiguration",
                "resource": "",
                "value": "t2.micro"
              },
              {
                "name": "InstanceTypeFamily",
                "namespace": "aws:cloudformation:template:parameter",
                "resource": "",
                "value": "t2"
              },
              {
                "name": "InstanceTypes",
                "namespace": "aws:ec2:instances",
                "resource": "",
                "value": "t2.micro, t2.small"
              },
              {
                "name": "Interval",
                "namespace": "aws:elb:healthcheck",
                "resource": "",
                "value": "10"
              },
              {
                "name": "JDBC_CONNECTION_STRING",
                "namespace": "aws:elasticbeanstalk:application:environment",
                "resource": "",
                "value": ""
              },
              {
                "name": "JVM Options",
                "namespace": "aws:elasticbeanstalk:container:tomcat:jvmoptions",
                "resource": "",
                "value": ""
              },
              {
                "name": "JVMOptions",
                "namespace": "aws:cloudformation:template:parameter",
                "resource": "",
                "value": "Xmx=256m,JVM Options=,Xms=256m"
              },
              {
                "name": "LaunchTimeout",
                "namespace": "aws:elasticbeanstalk:control",
                "resource": "",
                "value": "0"
              },
              {
                "name": "LaunchType",
                "namespace": "aws:elasticbeanstalk:control",
                "resource": "",
                "value": "Migration"
              },
              {
                "name": "ListenerEnabled",
                "namespace": "aws:elb:listener:80",
                "resource": "",
                "value": "true"
              },
              {
                "name": "ListenerProtocol",
                "namespace": "aws:elb:listener:80",
                "resource": "",
                "value": "HTTP"
              },
              {
                "name": "LoadBalancerHTTPPort",
                "namespace": "aws:elb:loadbalancer",
                "resource": "",
                "value": "80"
              },
              {
                "name": "LoadBalancerHTTPSPort",
                "namespace": "aws:elb:loadbalancer",
                "resource": "",
                "value": "OFF"
              },
              {
                "name": "LoadBalancerPortProtocol",
                "namespace": "aws:elb:loadbalancer",
                "resource": "",
                "value": "HTTP"
              },
              {
                "name": "LoadBalancerSSLPortProtocol",
                "namespace": "aws:elb:loadbalancer",
                "resource": "",
                "value": "HTTPS"
              },
              {
                "name": "LoadBalancerType",
                "namespace": "aws:elasticbeanstalk:environment",
                "resource": "",
                "value": "classic"
              },
              {
                "name": "LogPublicationControl",
                "namespace": "aws:elasticbeanstalk:hostmanager",
                "resource": "",
                "value": "false"
              },
              {
                "name": "LowerBreachScaleIncrement",
                "namespace": "aws:autoscaling:trigger",
                "resource": "",
                "value": "-1"
              },
              {
                "name": "LowerThreshold",
                "namespace": "aws:autoscaling:trigger",
                "resource": "",
                "value": "2000000"
              },
              {
                "name": "ManagedActionsEnabled",
                "namespace": "aws:elasticbeanstalk:managedactions",
                "resource": "",
                "value": "false"
              },
              {
                "name": "MaxBatchSize",
                "namespace": "aws:autoscaling:updatepolicy:rollingupdate",
                "resource": "",
                "value": ""
              },
              {
                "name": "MaxSize",
                "namespace": "aws:autoscaling:asg",
                "resource": "",
                "value": "4"
              },
              {
                "name": "MeasureName",
                "namespace": "aws:autoscaling:trigger",
                "resource": "",
                "value": "NetworkOut"
              },
              {
                "name": "MinInstancesInService",
                "namespace": "aws:autoscaling:updatepolicy:rollingupdate",
                "resource": "",
                "value": ""
              },
              {
                "name": "MinSize",
                "namespace": "aws:autoscaling:asg",
                "resource": "",
                "value": "1"
              },
              {
                "name": "MonitoringInterval",
                "namespace": "aws:autoscaling:launchconfiguration",
                "resource": "",
                "value": "5 minute"
              },
              {
                "name": "Notification Endpoint",
                "namespace": "aws:elasticbeanstalk:sns:topics",
                "resource": "",
                "value": ""
              },
              {
                "name": "Notification Protocol",
                "namespace": "aws:elasticbeanstalk:sns:topics",
                "resource": "",
                "value": "email"
              },
              {
                "name": "Notification Topic ARN",
                "namespace": "aws:elasticbeanstalk:sns:topics",
                "resource": "",
                "value": ""
              },
              {
                "name": "Notification Topic Name",
                "namespace": "aws:elasticbeanstalk:sns:topics",
                "resource": "",
                "value": ""
              },
              {
                "name": "OmitDefaultEC2SecurityGroup",
                "namespace": "aws:autoscaling:launchconfiguration",
                "resource": "",
                "value": "false"
              },
              {
                "name": "PauseTime",
                "namespace": "aws:autoscaling:updatepolicy:rollingupdate",
                "resource": "",
                "value": ""
              },
              {
                "name": "Period",
                "namespace": "aws:autoscaling:trigger",
                "resource": "",
                "value": "5"
              },
              {
                "name": "PreferredStartTime",
                "namespace": "aws:elasticbeanstalk:managedactions",
                "resource": "",
                "value": ""
              },
              {
                "name": "ProxyServer",
                "namespace": "aws:elasticbeanstalk:environment:proxy",
                "resource": "",
                "value": "nginx"
              },
              {
                "name": "RetentionInDays",
                "namespace": "aws:elasticbeanstalk:cloudwatch:logs",
                "resource": "",
                "value": "7"
              },
              {
                "name": "RetentionInDays",
                "namespace": "aws:elasticbeanstalk:cloudwatch:logs:health",
                "resource": "",
                "value": "7"
              },
              {
                "name": "RollbackLaunchOnFailure",
                "namespace": "aws:elasticbeanstalk:control",
                "resource": "",
                "value": "false"
              },
              {
                "name": "RollingUpdateEnabled",
                "namespace": "aws:autoscaling:updatepolicy:rollingupdate",
                "resource": "",
                "value": "false"
              },
              {
                "name": "RollingUpdateType",
                "namespace": "aws:autoscaling:updatepolicy:rollingupdate",
                "resource": "",
                "value": "Time"
              },
              {
                "name": "RootVolumeIOPS",
                "namespace": "aws:autoscaling:launchconfiguration",
                "resource": "",
                "value": ""
              },
              {
                "name": "RootVolumeSize",
                "namespace": "aws:autoscaling:launchconfiguration",
                "resource": "",
                "value": ""
              },
              {
                "name": "RootVolumeThroughput",
                "namespace": "aws:autoscaling:launchconfiguration",
                "resource": "",
                "value": ""
              },
              {
                "name": "RootVolumeType",
                "namespace": "aws:autoscaling:launchconfiguration",
                "resource": "",
                "value": ""
              },
              {
                "name": "SSHSourceRestriction",
                "namespace": "aws:autoscaling:launchconfiguration",
                "resource": "",
                "value": "tcp,22,22,0.0.0.0/0"
              },
              {
                "name": "SSLCertificateId",
                "namespace": "aws:elb:listener:80",
                "resource": "",
                "value": ""
              },
              {
                "name": "SSLCertificateId",
                "namespace": "aws:elb:loadbalancer",
                "resource": "",
                "value": ""
              },
              {
                "name": "SecurityGroups",
                "namespace": "aws:autoscaling:launchconfiguration",
                "resource": "",
                "value": ""
              },
              {
                "name": "SecurityGroups",
                "namespace": "aws:elb:loadbalancer",
                "resource": "",
                "value": ""
              },
              {
                "name": "ServiceRole",
                "namespace": "aws:elasticbeanstalk:environment",
                "resource": "",
                "value": "AWSServiceRoleForElasticBeanstalk"
              },
              {
                "name": "ServiceRoleForManagedUpdates",
                "namespace": "aws:elasticbeanstalk:managedactions",
                "resource": "",
                "value": ""
              },
              {
                "name": "SpotFleetOnDemandAboveBasePercentage",
                "namespace": "aws:ec2:instances",
                "resource": "",
                "value": "70"
              },
              {
                "name": "SpotFleetOnDemandBase",
                "namespace": "aws:ec2:instances",
                "resource": "",
                "value": "0"
              },
              {
                "name": "SpotMaxPrice",
                "namespace": "aws:ec2:instances",
                "resource": "",
                "value": ""
              },
              {
                "name": "StaticFiles",
                "namespace": "aws:cloudformation:template:parameter",
                "resource": "",
                "value": ""
              },
              {
                "name": "Statistic",
                "namespace": "aws:autoscaling:trigger",
                "resource": "",
                "value": "Average"
              },
              {
                "name": "StreamLogs",
                "namespace": "aws:elasticbeanstalk:cloudwatch:logs",
                "resource": "",
                "value": "false"
              },
              {
                "name": "Subnets",
                "namespace": "aws:ec2:vpc",
                "resource": "",
                "value": ""
              },
              {
                "name": "SupportedArchitectures",
                "namespace": "aws:ec2:instances",
                "resource": "",
                "value": "x86_64"
              },
              {
                "name": "SystemType",
                "namespace": "aws:elasticbeanstalk:healthreporting:system",
                "resource": "",
                "value": "enhanced"
              },
              {
                "name": "Target",
                "namespace": "aws:elb:healthcheck",
                "resource": "",
                "value": "TCP:80"
              },
              {
                "name": "Timeout",
                "namespace": "aws:autoscaling:updatepolicy:rollingupdate",
                "resource": "",
                "value": "PT30M"
              },
              {
                "name": "Timeout",
                "namespace": "aws:elasticbeanstalk:command",
                "resource": "",
                "value": "600"
              },
              {
                "name": "Timeout",
                "namespace": "aws:elb:healthcheck",
                "resource": "",
                "value": "5"
              },
              {
                "name": "UnhealthyThreshold",
                "namespace": "aws:elb:healthcheck",
                "resource": "",
                "value": "5"
              },
              {
                "name": "Unit",
                "namespace": "aws:autoscaling:trigger",
                "resource": "",
                "value": "Bytes"
              },
              {
                "name": "UpdateLevel",
                "namespace": "aws:elasticbeanstalk:managedactions:platformupdate",
                "resource": "",
                "value": ""
              },
              {
                "name": "UpperBreachScaleIncrement",
                "namespace": "aws:autoscaling:trigger",
                "resource": "",
                "value": "1"
              },
              {
                "name": "UpperThreshold",
                "namespace": "aws:autoscaling:trigger",
                "resource": "",
                "value": "6000000"
              },
              {
                "name": "VPCId",
                "namespace": "aws:ec2:vpc",
                "resource": "",
                "value": ""
              },
              {
                "name": "XRayEnabled",
                "namespace": "aws:elasticbeanstalk:xray",
                "resource": "",
                "value": "false"
              },
              {
                "name": "Xms",
                "namespace": "aws:elasticbeanstalk:container:tomcat:jvmoptions",
                "resource": "",
                "value": "256m"
              },
              {
                "name": "Xmx",
                "namespace": "aws:elasticbeanstalk:container:tomcat:jvmoptions",
                "resource": "",
                "value": "256m"
              }
            ],
            "application": "sudos-duihua-app",
            "arn": "arn:aws:elasticbeanstalk:us-east-1:365599589601:environment/sudos-duihua-app/sudos-duihua-env",
            "autoscaling_groups": [
              "awseb-e-v2jxm6pdvf-stack-AWSEBAutoScalingGroup-7BQGNVQC1B11"
            ],
            "cname": "sudos-duihua-env.eba-ky3ebdpw.us-east-1.elasticbeanstalk.com",
            "cname_prefix": "",
            "description": "",
            "endpoint_url": "awseb-e-v-AWSEBLoa-147EOFTOL26GX-1753216419.us-east-1.elb.amazonaws.com",
            "id": "e-v2jxm6pdvf",
            "instances": [
              "i-072fbaef6ccd64bb0"
            ],
            "launch_configurations": [
              "awseb-e-v2jxm6pdvf-stack-AWSEBAutoScalingLaunchConfiguration-kJux3WmkeMa9"
            ],
            "load_balancers": [
              "awseb-e-v-AWSEBLoa-147EOFTOL26GX"
            ],
            "name": "sudos-duihua-env",
            "platform_arn": "arn:aws:elasticbeanstalk:us-east-1::platform/Tomcat 8.5 with Corretto 11 running on 64bit Amazon Linux 2/4.2.18",
            "poll_interval": null,
            "queues": [],
            "setting": [
              {
                "name": "IamInstanceProfile",
                "namespace": "aws:autoscaling:launchconfiguration",
                "resource": "",
                "value": "aws-elasticbeanstalk-ec2-role"
              }
            ],
            "solution_stack_name": "64bit Amazon Linux 2 v4.2.18 running Tomcat 8.5 Corretto 11",
            "tags": {},
            "tags_all": {},
            "template_name": null,
            "tier": "WebServer",
            "triggers": [],
            "version_label": "",
            "wait_for_ready_timeout": "20m"
          },
          "sensitive_attributes": [],
          "private": "eyJzY2hlbWFfdmVyc2lvbiI6IjEifQ==",
          "dependencies": [
            "module.elasticbeanstalk.aws_elastic_beanstalk_application.sudos-duihua-app"
          ]
        }
      ]
    },
    {
      "module": "module.key",
      "mode": "managed",
      "type": "aws_key_pair",
      "name": "sudos-key",
      "provider": "provider[\"registry.terraform.io/hashicorp/aws\"]",
      "instances": [
        {
          "schema_version": 1,
          "attributes": {
            "arn": "arn:aws:ec2:us-east-1:365599589601:key-pair/sudos-key",
            "fingerprint": "14:c4:6b:76:48:17:81:96:c9:fe:7f:09:b2:34:cf:8f",
            "id": "sudos-key",
            "key_name": "sudos-key",
            "key_name_prefix": "",
            "key_pair_id": "key-0dbecf7d53a3a6c99",
            "public_key": "ssh-rsa AAAAB3NzaC1yc2EAAAADAQABAAACAQClRXtJ0mDRc3n81EVUhED7tyK4KfhDvi7dWw+YGeMZFKYGbAmBgagqnNvHWP1XhbR++lmZ0vZ9Oz6BmyySVxPor9HxXl4uYAFm6uNCBNuYn+YJILuGjzmmO8bPMZURjRvh0ppIXTuQK3Gq2nE2TB+iCyJC6Mb9bFW380m+1//l/HWV5YVNLWFkuxnQyN+dsOVLHs0kYEXPm2xTQ9QJrjnz2oDyfYS4QjAJSuKlYMOmSu/h0h8VJzJ/iNdlFwPgo4SMwOmuHTJU/HwhOVfoEGHhhRCwwi3keQAWoEOvFInWypq9FPvSEvbvD0Ibl520iJ2BN1UkEWA++nl9UJpTotGQdNGjUv2u+NqpOF5tX8LFg92neWzGobUx44smVxx7flrAiN1ryPuARTAoDVR2KWCbriELBSkltzLJNiDG2zuYhp5eQekmwuKPlMi48Yo2tQA6ehLjHpq+mUkUF1TIf66HBqhC/joMJoYdsOsIUlo5fuc+lxCoFNd8R4ufqfUFQtPgkv4xqyMGhqIcKjQ3HNcwF5bPBFG54cFGb9qmJLGmzTp26cNGXq2QmfbKbOi4mcwg5nyZzWu6J1r4eXqsb7WG0qVdEk+yI620otm0+7hrEdOHOm4p/s+h+J5Rk9cWuHLnJr68l9CMrdIJWwQEzwTlfkAnh46OArNHnCqHYIwz0Q==",
            "tags": {},
            "tags_all": {}
          },
          "sensitive_attributes": [],
          "private": "eyJzY2hlbWFfdmVyc2lvbiI6IjEifQ==",
          "dependencies": [
            "module.key.tls_private_key.sudos-duihua-key"
          ]
        }
      ]
    },
    {
      "module": "module.key",
      "mode": "managed",
      "type": "tls_private_key",
      "name": "sudos-duihua-key",
      "provider": "provider[\"registry.terraform.io/hashicorp/tls\"]",
      "instances": [
        {
          "schema_version": 1,
          "attributes": {
            "algorithm": "RSA",
            "ecdsa_curve": "P224",
            "id": "f84163972eea5990bfa1403323faa2c25f61fa2f",
            "private_key_openssh": "-----BEGIN OPENSSH PRIVATE KEY-----\nb3BlbnNzaC1rZXktdjEAAAAABG5vbmUAAAAEbm9uZQAAAAAAAAABAAACFwAAAAdz\nc2gtcnNhAAAAAwEAAQAAAgEApUV7SdJg0XN5/NRFVIRA+7ciuCn4Q74u3VsPmBnj\nGRSmBmwJgYGoKpzbx1j9V4W0fvpZmdL2fTs+gZssklcT6K/R8V5eLmABZurjQgTb\nmJ/mCSC7ho85pjvGzzGVEY0b4dKaSF07kCtxqtpxNkwfogsiQujG/WxVt/NJvtf/\n5fx1leWFTS1hZLsZ0MjfnbDlSx7NJGBFz5tsU0PUCa4589qA8n2EuEIwCUripWDD\npkrv4dIfFScyf4jXZRcD4KOEjMDprh0yVPx8ITlX6BBh4YUQsMIt5HkAFqBDrxSJ\n1sqavRT70hL27w9CG5edtIidgTdVJBFgPvp5fVCaU6LRkHTRo1L9rvjaqThebV/C\nxYPdp3lsxqG1MeOLJlcce35awIjda8j7gEUwKA1Udilgm64hCwUpJbcyyTYgxts7\nmIaeXkHpJsLij5TIuPGKNrUAOnoS4x6avplJFBdUyH+uhwaoQv46DCaGHbDrCFJa\nOX7nPpcQqBTXfEeLn6n1BULT4JL+MasjBoaiHCo0NxzXMBeWzwRRueHBRm/apiSx\nps06dunDRl6tkJn2ymzouJnMIOZ8mc1ruida+Hl6rG+1htKlXRJPsiOttKLZtPu4\naxHThzpuKf7PofieUZPXFrhy5ya+vJfQjK3SCVsEBM8E5X5AJ4eOjgKzR5wqh2CM\nM9EAAAc4hQLDFIUCwxQAAAAHc3NoLXJzYQAAAgEApUV7SdJg0XN5/NRFVIRA+7ci\nuCn4Q74u3VsPmBnjGRSmBmwJgYGoKpzbx1j9V4W0fvpZmdL2fTs+gZssklcT6K/R\n8V5eLmABZurjQgTbmJ/mCSC7ho85pjvGzzGVEY0b4dKaSF07kCtxqtpxNkwfogsi\nQujG/WxVt/NJvtf/5fx1leWFTS1hZLsZ0MjfnbDlSx7NJGBFz5tsU0PUCa4589qA\n8n2EuEIwCUripWDDpkrv4dIfFScyf4jXZRcD4KOEjMDprh0yVPx8ITlX6BBh4YUQ\nsMIt5HkAFqBDrxSJ1sqavRT70hL27w9CG5edtIidgTdVJBFgPvp5fVCaU6LRkHTR\no1L9rvjaqThebV/CxYPdp3lsxqG1MeOLJlcce35awIjda8j7gEUwKA1Udilgm64h\nCwUpJbcyyTYgxts7mIaeXkHpJsLij5TIuPGKNrUAOnoS4x6avplJFBdUyH+uhwao\nQv46DCaGHbDrCFJaOX7nPpcQqBTXfEeLn6n1BULT4JL+MasjBoaiHCo0NxzXMBeW\nzwRRueHBRm/apiSxps06dunDRl6tkJn2ymzouJnMIOZ8mc1ruida+Hl6rG+1htKl\nXRJPsiOttKLZtPu4axHThzpuKf7PofieUZPXFrhy5ya+vJfQjK3SCVsEBM8E5X5A\nJ4eOjgKzR5wqh2CMM9EAAAADAQABAAACAB0uq5pZX2cccMnH4YYO5DqOF79VCdVM\nW5ISZiqBR6xCDR7NLNCFSGBd2iDVAcbWgQx6wB99NLDgKSVRdQlR/t3zTarE8vRV\nV2oIx5/8o5nLgh7SfMpBt/g2TeB/7MZwmB/DxCJK9B18zlFQyPTBdER0mtQdriVJ\nX8lfWAIuuayua0TQhj0eajgTIXfQQEvj1FjzU1288ha6ZuI888/Rx8HbLzGiIDE4\n3qqFYoe5ElLmoHzLUVm21h/W1dGvwquDs//2gEySMzT2cCSdr3v2iJH9oPjVEK1r\nACz+l3Tut3gJxlDkx6JMXvXPR+j/WIVsKgOK9amst8XnDFSoStfBxCbpDs8Tzcff\nXBklLBmu439QbbZLdw+95KULctzTBXFgwfEQA7RY1xx9i8SkciM4RmYJKxnMT4gd\nXMIZs8kYvyl3H86pHZFGBuM4v7M521valyP8u8vlf1SoPT6ONwvXjOizk42LuWoY\n/ufm+x0dOuaPH5FwlJWdc+/wjGX7dVjkXvjY7cQ7xq3yqvOh6iarX9sVIddgOMTW\nZ/0aeJWhtjtPAvM6O/gEBuLdgcztZOfJl9LOFCs3l2usL34lH8hFJHDPw9O9yu+b\n/L0EqYo5baLjer/6qw0ZTy9iaHVD0TMc9n/4HKG0YwqsmZdQOKgXB3vE6wOWxmd5\nsx6snXVbzO0BAAABAQDEXer4oed3l4b+kD88Y0eBVeB67ElhoXWBj3giRLcrpj7j\nqicHX868kmvs0Nvn0UcmXc0Jo1LdH+lgWccVqAfkQ+WV3Y7JsGS3gb0UiuJmrHaL\nLDHspa3XIY4zrd6NvzZlZQblo0GHv5sTntdwuet0LdW0ahFYZtOi1ZmjezAxaXZh\nU49IZe8rbeb6RG0l7X/tR8bG2IwXarjnnWwlfKJWY7t7Q8mNJmD2L8sdp5InCxNa\nBG+zte44NsYrvIpwltSTewCDB4JPOBmtb+8Tayt4DYcY6Y1gJknDfKP87axtBTb+\nPz9jf19TzemUBV5rvfWu8Xfa5jmxrYp/bFeY08OZAAABAQDTZWCxfQP2vQFRiZ2n\nVkE0HXlyqxJJ6eoQkxVqjunmjT7R7bQWr3Am2EE+4djhPqwabMXI2LP8BIdzh4OV\nGnHziZtIA/RnitP4E07QK+e6pzQ9ILbzD7H2CV6weMKI94cYUJk1rf/KQyIKjYeW\nTWtEdgAF4XeOFi3o5ayCqPrzhsz7Xu3DOPTScYXGF0h6A21W3teVCQaZWwqRNVBq\nzQCzutOm1clC8+teLbKIwPEewbwvvH74vjD/K4rd8+lVFXydmw5zHEbzmKE7X6nO\niCQAp7ndh7+IgsMRTgpIPgRd7wUdjBJfYKXB+oa+ktZeTvYbwKpI0VIQFxHDt9mM\nNmIpAAABAQDIJKtYNt/8++4iW23fmT5oEAaIt7kDAzq5wGZzoFHU9sp/hmg4jDA5\nxPXu80kTLhilSdcq8N3BzE+ZO32To/pHe6KoNuh6IitLO9SjIBAEz88F/7KOlHhW\nwHzHzvhHZo6nXkZs+8UpW6bV0T62vYYQii+b7223TS1aN17ZLPkELTGA/966dG2z\n/i+iuV5dTp5F9psYNQhAPXN5pFv1RcmlFcE7sHg90WKXn3MNncxK0ow6AMMN9e+5\nl4dYJK9Zs9F7HBq7MVo4vyFaxCJLiyY2ejdA3s+Y+1tI1RvAnW5sWrb45w4Dl6eS\nG499j1lz/oXlfUQKkybiiUPr0wAYxolpAAAAAAEC\n-----END OPENSSH PRIVATE KEY-----\n",
            "private_key_pem": "-----BEGIN RSA PRIVATE KEY-----\nMIIJKgIBAAKCAgEApUV7SdJg0XN5/NRFVIRA+7ciuCn4Q74u3VsPmBnjGRSmBmwJ\ngYGoKpzbx1j9V4W0fvpZmdL2fTs+gZssklcT6K/R8V5eLmABZurjQgTbmJ/mCSC7\nho85pjvGzzGVEY0b4dKaSF07kCtxqtpxNkwfogsiQujG/WxVt/NJvtf/5fx1leWF\nTS1hZLsZ0MjfnbDlSx7NJGBFz5tsU0PUCa4589qA8n2EuEIwCUripWDDpkrv4dIf\nFScyf4jXZRcD4KOEjMDprh0yVPx8ITlX6BBh4YUQsMIt5HkAFqBDrxSJ1sqavRT7\n0hL27w9CG5edtIidgTdVJBFgPvp5fVCaU6LRkHTRo1L9rvjaqThebV/CxYPdp3ls\nxqG1MeOLJlcce35awIjda8j7gEUwKA1Udilgm64hCwUpJbcyyTYgxts7mIaeXkHp\nJsLij5TIuPGKNrUAOnoS4x6avplJFBdUyH+uhwaoQv46DCaGHbDrCFJaOX7nPpcQ\nqBTXfEeLn6n1BULT4JL+MasjBoaiHCo0NxzXMBeWzwRRueHBRm/apiSxps06dunD\nRl6tkJn2ymzouJnMIOZ8mc1ruida+Hl6rG+1htKlXRJPsiOttKLZtPu4axHThzpu\nKf7PofieUZPXFrhy5ya+vJfQjK3SCVsEBM8E5X5AJ4eOjgKzR5wqh2CMM9ECAwEA\nAQKCAgAdLquaWV9nHHDJx+GGDuQ6jhe/VQnVTFuSEmYqgUesQg0ezSzQhUhgXdog\n1QHG1oEMesAffTSw4CklUXUJUf7d802qxPL0VVdqCMef/KOZy4Ie0nzKQbf4Nk3g\nf+zGcJgfw8QiSvQdfM5RUMj0wXREdJrUHa4lSV/JX1gCLrmsrmtE0IY9Hmo4EyF3\n0EBL49RY81NdvPIWumbiPPPP0cfB2y8xoiAxON6qhWKHuRJS5qB8y1FZttYf1tXR\nr8Krg7P/9oBMkjM09nAkna979oiR/aD41RCtawAs/pd07rd4CcZQ5MeiTF71z0fo\n/1iFbCoDivWprLfF5wxUqErXwcQm6Q7PE83H31wZJSwZruN/UG22S3cPveSlC3Lc\n0wVxYMHxEAO0WNccfYvEpHIjOEZmCSsZzE+IHVzCGbPJGL8pdx/OqR2RRgbjOL+z\nOdtb2pcj/LvL5X9UqD0+jjcL14zos5ONi7lqGP7n5vsdHTrmjx+RcJSVnXPv8Ixl\n+3VY5F742O3EO8at8qrzoeomq1/bFSHXYDjE1mf9GniVobY7TwLzOjv4BAbi3YHM\n7WTnyZfSzhQrN5drrC9+JR/IRSRwz8PTvcrvm/y9BKmKOW2i43q/+qsNGU8vYmh1\nQ9EzHPZ/+ByhtGMKrJmXUDioFwd7xOsDlsZnebMerJ11W8ztAQKCAQEA02VgsX0D\n9r0BUYmdp1ZBNB15cqsSSenqEJMVao7p5o0+0e20Fq9wJthBPuHY4T6sGmzFyNiz\n/ASHc4eDlRpx84mbSAP0Z4rT+BNO0Cvnuqc0PSC28w+x9glesHjCiPeHGFCZNa3/\nykMiCo2Hlk1rRHYABeF3jhYt6OWsgqj684bM+17twzj00nGFxhdIegNtVt7XlQkG\nmVsKkTVQas0As7rTptXJQvPrXi2yiMDxHsG8L7x++L4w/yuK3fPpVRV8nZsOcxxG\n85ihO1+pzogkAKe53Ye/iILDEU4KSD4EXe8FHYwSX2ClwfqGvpLWXk72G8CqSNFS\nEBcRw7fZjDZiKQKCAQEAyCSrWDbf/PvuIltt35k+aBAGiLe5AwM6ucBmc6BR1PbK\nf4ZoOIwwOcT17vNJEy4YpUnXKvDdwcxPmTt9k6P6R3uiqDboeiIrSzvUoyAQBM/P\nBf+yjpR4VsB8x874R2aOp15GbPvFKVum1dE+tr2GEIovm+9tt00tWjde2Sz5BC0x\ngP/eunRts/4vorleXU6eRfabGDUIQD1zeaRb9UXJpRXBO7B4PdFil59zDZ3MStKM\nOgDDDfXvuZeHWCSvWbPRexwauzFaOL8hWsQiS4smNno3QN7PmPtbSNUbwJ1ubFq2\n+OcOA5enkhuPfY9Zc/6F5X1ECpMm4olD69MAGMaJaQKCAQEApkoMCvJdiN1aySoo\nwvZd6kH5RBOAGnaP8iPRZ/Yt1ndrYDXNQT8WSOg6Qt3j/iOPvGWuG/Ujd+6UInQK\nNOMNmla3uKmruzuAzJdbmvO+oJxgwmkWoRLKmdD7FHSaCqY0NhNIweoy2Yd/oq98\nZeZWqA7uq7GVm0alLJxm3I1SgviaDG67N6N5KoW0hoPQNnK1su0uxoTIFSCBqoI2\n1RyYHcmsLoPjgvBfSMFHvL2RrvEVOLPdaYwq/L7iyP/Sn2R8l3nenvwyb/KzegIh\nkF6Ve5J06eeb6iV6jwVFn1hxlPatnnWOCkr7eSC6l/Tn/l28yU4AZbGLDS8ogT4B\nOoOZKQKCAQEAqoxEzkkEmal8hR5wBEernDV7u+kC6QRJeJvxMbp9wQIEEKNSEE21\nkqS6BUKfFI8FRWQkzFywO0KE2ciN+8+RqHQ8aSdQ9zJCvjtfuRnLTK5gdXYsi78M\nxLAGJKXDf+Ruz0RQsvHgUpvdEPrbfBEIOvPmGfTvA3HqoaPpWRsvn1V7h7eB7lTk\nXqrNoNZhCRXDXU8FXp1iSIuU6SUbj2hGqjxdiyWXcOYKI7Yl7oZ23ZOJFqwriqv1\n+aqcFIo+Oiw257dNOBKYFR8ZpyTXLJSInYeLqeWz9WLLqMagfYQp4n9yx6rskDcc\n/i4qGg6bZXKQWrxhzLkUO5pInJ4SyQn1cQKCAQEAxF3q+KHnd5eG/pA/PGNHgVXg\neuxJYaF1gY94IkS3K6Y+46onB1/OvJJr7NDb59FHJl3NCaNS3R/pYFnHFagH5EPl\nld2OybBkt4G9FIriZqx2iywx7KWt1yGOM63ejb82ZWUG5aNBh7+bE57XcLnrdC3V\ntGoRWGbTotWZo3swMWl2YVOPSGXvK23m+kRtJe1/7UfGxtiMF2q4551sJXyiVmO7\ne0PJjSZg9i/LHaeSJwsTWgRvs7XuODbGK7yKcJbUk3sAgweCTzgZrW/vE2sreA2H\nGOmNYCZJw3yj/O2sbQU2/j8/Y39fU83plAVea731rvF32uY5sa2Kf2xXmNPDmQ==\n-----END RSA PRIVATE KEY-----\n",
            "private_key_pem_pkcs8": "-----BEGIN PRIVATE KEY-----\nMIIJRAIBADANBgkqhkiG9w0BAQEFAASCCS4wggkqAgEAAoICAQClRXtJ0mDRc3n8\n1EVUhED7tyK4KfhDvi7dWw+YGeMZFKYGbAmBgagqnNvHWP1XhbR++lmZ0vZ9Oz6B\nmyySVxPor9HxXl4uYAFm6uNCBNuYn+YJILuGjzmmO8bPMZURjRvh0ppIXTuQK3Gq\n2nE2TB+iCyJC6Mb9bFW380m+1//l/HWV5YVNLWFkuxnQyN+dsOVLHs0kYEXPm2xT\nQ9QJrjnz2oDyfYS4QjAJSuKlYMOmSu/h0h8VJzJ/iNdlFwPgo4SMwOmuHTJU/Hwh\nOVfoEGHhhRCwwi3keQAWoEOvFInWypq9FPvSEvbvD0Ibl520iJ2BN1UkEWA++nl9\nUJpTotGQdNGjUv2u+NqpOF5tX8LFg92neWzGobUx44smVxx7flrAiN1ryPuARTAo\nDVR2KWCbriELBSkltzLJNiDG2zuYhp5eQekmwuKPlMi48Yo2tQA6ehLjHpq+mUkU\nF1TIf66HBqhC/joMJoYdsOsIUlo5fuc+lxCoFNd8R4ufqfUFQtPgkv4xqyMGhqIc\nKjQ3HNcwF5bPBFG54cFGb9qmJLGmzTp26cNGXq2QmfbKbOi4mcwg5nyZzWu6J1r4\neXqsb7WG0qVdEk+yI620otm0+7hrEdOHOm4p/s+h+J5Rk9cWuHLnJr68l9CMrdIJ\nWwQEzwTlfkAnh46OArNHnCqHYIwz0QIDAQABAoICAB0uq5pZX2cccMnH4YYO5DqO\nF79VCdVMW5ISZiqBR6xCDR7NLNCFSGBd2iDVAcbWgQx6wB99NLDgKSVRdQlR/t3z\nTarE8vRVV2oIx5/8o5nLgh7SfMpBt/g2TeB/7MZwmB/DxCJK9B18zlFQyPTBdER0\nmtQdriVJX8lfWAIuuayua0TQhj0eajgTIXfQQEvj1FjzU1288ha6ZuI888/Rx8Hb\nLzGiIDE43qqFYoe5ElLmoHzLUVm21h/W1dGvwquDs//2gEySMzT2cCSdr3v2iJH9\noPjVEK1rACz+l3Tut3gJxlDkx6JMXvXPR+j/WIVsKgOK9amst8XnDFSoStfBxCbp\nDs8TzcffXBklLBmu439QbbZLdw+95KULctzTBXFgwfEQA7RY1xx9i8SkciM4RmYJ\nKxnMT4gdXMIZs8kYvyl3H86pHZFGBuM4v7M521valyP8u8vlf1SoPT6ONwvXjOiz\nk42LuWoY/ufm+x0dOuaPH5FwlJWdc+/wjGX7dVjkXvjY7cQ7xq3yqvOh6iarX9sV\nIddgOMTWZ/0aeJWhtjtPAvM6O/gEBuLdgcztZOfJl9LOFCs3l2usL34lH8hFJHDP\nw9O9yu+b/L0EqYo5baLjer/6qw0ZTy9iaHVD0TMc9n/4HKG0YwqsmZdQOKgXB3vE\n6wOWxmd5sx6snXVbzO0BAoIBAQDTZWCxfQP2vQFRiZ2nVkE0HXlyqxJJ6eoQkxVq\njunmjT7R7bQWr3Am2EE+4djhPqwabMXI2LP8BIdzh4OVGnHziZtIA/RnitP4E07Q\nK+e6pzQ9ILbzD7H2CV6weMKI94cYUJk1rf/KQyIKjYeWTWtEdgAF4XeOFi3o5ayC\nqPrzhsz7Xu3DOPTScYXGF0h6A21W3teVCQaZWwqRNVBqzQCzutOm1clC8+teLbKI\nwPEewbwvvH74vjD/K4rd8+lVFXydmw5zHEbzmKE7X6nOiCQAp7ndh7+IgsMRTgpI\nPgRd7wUdjBJfYKXB+oa+ktZeTvYbwKpI0VIQFxHDt9mMNmIpAoIBAQDIJKtYNt/8\n++4iW23fmT5oEAaIt7kDAzq5wGZzoFHU9sp/hmg4jDA5xPXu80kTLhilSdcq8N3B\nzE+ZO32To/pHe6KoNuh6IitLO9SjIBAEz88F/7KOlHhWwHzHzvhHZo6nXkZs+8Up\nW6bV0T62vYYQii+b7223TS1aN17ZLPkELTGA/966dG2z/i+iuV5dTp5F9psYNQhA\nPXN5pFv1RcmlFcE7sHg90WKXn3MNncxK0ow6AMMN9e+5l4dYJK9Zs9F7HBq7MVo4\nvyFaxCJLiyY2ejdA3s+Y+1tI1RvAnW5sWrb45w4Dl6eSG499j1lz/oXlfUQKkybi\niUPr0wAYxolpAoIBAQCmSgwK8l2I3VrJKijC9l3qQflEE4Aado/yI9Fn9i3Wd2tg\nNc1BPxZI6DpC3eP+I4+8Za4b9SN37pQidAo04w2aVre4qau7O4DMl1ua876gnGDC\naRahEsqZ0PsUdJoKpjQ2E0jB6jLZh3+ir3xl5laoDu6rsZWbRqUsnGbcjVKC+JoM\nbrs3o3kqhbSGg9A2crWy7S7GhMgVIIGqgjbVHJgdyawug+OC8F9IwUe8vZGu8RU4\ns91pjCr8vuLI/9KfZHyXed6e/DJv8rN6AiGQXpV7knTp55vqJXqPBUWfWHGU9q2e\ndY4KSvt5ILqX9Of+XbzJTgBlsYsNLyiBPgE6g5kpAoIBAQCqjETOSQSZqXyFHnAE\nR6ucNXu76QLpBEl4m/Exun3BAgQQo1IQTbWSpLoFQp8UjwVFZCTMXLA7QoTZyI37\nz5GodDxpJ1D3MkK+O1+5GctMrmB1diyLvwzEsAYkpcN/5G7PRFCy8eBSm90Q+tt8\nEQg68+YZ9O8Dceqho+lZGy+fVXuHt4HuVOReqs2g1mEJFcNdTwVenWJIi5TpJRuP\naEaqPF2LJZdw5gojtiXuhnbdk4kWrCuKq/X5qpwUij46LDbnt004EpgVHxmnJNcs\nlIidh4up5bP1YsuoxqB9hCnif3LHquyQNxz+LioaDptlcpBavGHMuRQ7mkicnhLJ\nCfVxAoIBAQDEXer4oed3l4b+kD88Y0eBVeB67ElhoXWBj3giRLcrpj7jqicHX868\nkmvs0Nvn0UcmXc0Jo1LdH+lgWccVqAfkQ+WV3Y7JsGS3gb0UiuJmrHaLLDHspa3X\nIY4zrd6NvzZlZQblo0GHv5sTntdwuet0LdW0ahFYZtOi1ZmjezAxaXZhU49IZe8r\nbeb6RG0l7X/tR8bG2IwXarjnnWwlfKJWY7t7Q8mNJmD2L8sdp5InCxNaBG+zte44\nNsYrvIpwltSTewCDB4JPOBmtb+8Tayt4DYcY6Y1gJknDfKP87axtBTb+Pz9jf19T\nzemUBV5rvfWu8Xfa5jmxrYp/bFeY08OZ\n-----END PRIVATE KEY-----\n",
            "public_key_fingerprint_md5": "0d:0e:f3:19:7c:49:f4:9e:dc:4e:56:27:3a:4a:23:64",
            "public_key_fingerprint_sha256": "SHA256:Fnwngd/GJQ/9Kvf/Tpm75Wo4fu0J4JfoE5lM1GuT/hg",
            "public_key_openssh": "ssh-rsa AAAAB3NzaC1yc2EAAAADAQABAAACAQClRXtJ0mDRc3n81EVUhED7tyK4KfhDvi7dWw+YGeMZFKYGbAmBgagqnNvHWP1XhbR++lmZ0vZ9Oz6BmyySVxPor9HxXl4uYAFm6uNCBNuYn+YJILuGjzmmO8bPMZURjRvh0ppIXTuQK3Gq2nE2TB+iCyJC6Mb9bFW380m+1//l/HWV5YVNLWFkuxnQyN+dsOVLHs0kYEXPm2xTQ9QJrjnz2oDyfYS4QjAJSuKlYMOmSu/h0h8VJzJ/iNdlFwPgo4SMwOmuHTJU/HwhOVfoEGHhhRCwwi3keQAWoEOvFInWypq9FPvSEvbvD0Ibl520iJ2BN1UkEWA++nl9UJpTotGQdNGjUv2u+NqpOF5tX8LFg92neWzGobUx44smVxx7flrAiN1ryPuARTAoDVR2KWCbriELBSkltzLJNiDG2zuYhp5eQekmwuKPlMi48Yo2tQA6ehLjHpq+mUkUF1TIf66HBqhC/joMJoYdsOsIUlo5fuc+lxCoFNd8R4ufqfUFQtPgkv4xqyMGhqIcKjQ3HNcwF5bPBFG54cFGb9qmJLGmzTp26cNGXq2QmfbKbOi4mcwg5nyZzWu6J1r4eXqsb7WG0qVdEk+yI620otm0+7hrEdOHOm4p/s+h+J5Rk9cWuHLnJr68l9CMrdIJWwQEzwTlfkAnh46OArNHnCqHYIwz0Q==\n",
            "public_key_pem": "-----BEGIN PUBLIC KEY-----\nMIICIjANBgkqhkiG9w0BAQEFAAOCAg8AMIICCgKCAgEApUV7SdJg0XN5/NRFVIRA\n+7ciuCn4Q74u3VsPmBnjGRSmBmwJgYGoKpzbx1j9V4W0fvpZmdL2fTs+gZssklcT\n6K/R8V5eLmABZurjQgTbmJ/mCSC7ho85pjvGzzGVEY0b4dKaSF07kCtxqtpxNkwf\nogsiQujG/WxVt/NJvtf/5fx1leWFTS1hZLsZ0MjfnbDlSx7NJGBFz5tsU0PUCa45\n89qA8n2EuEIwCUripWDDpkrv4dIfFScyf4jXZRcD4KOEjMDprh0yVPx8ITlX6BBh\n4YUQsMIt5HkAFqBDrxSJ1sqavRT70hL27w9CG5edtIidgTdVJBFgPvp5fVCaU6LR\nkHTRo1L9rvjaqThebV/CxYPdp3lsxqG1MeOLJlcce35awIjda8j7gEUwKA1Udilg\nm64hCwUpJbcyyTYgxts7mIaeXkHpJsLij5TIuPGKNrUAOnoS4x6avplJFBdUyH+u\nhwaoQv46DCaGHbDrCFJaOX7nPpcQqBTXfEeLn6n1BULT4JL+MasjBoaiHCo0NxzX\nMBeWzwRRueHBRm/apiSxps06dunDRl6tkJn2ymzouJnMIOZ8mc1ruida+Hl6rG+1\nhtKlXRJPsiOttKLZtPu4axHThzpuKf7PofieUZPXFrhy5ya+vJfQjK3SCVsEBM8E\n5X5AJ4eOjgKzR5wqh2CMM9ECAwEAAQ==\n-----END PUBLIC KEY-----\n",
            "rsa_bits": 4096
          },
          "sensitive_attributes": []
        }
      ]
    },
    {
      "module": "module.s3bucket",
      "mode": "managed",
      "type": "aws_s3_bucket",
      "name": "sudos-duihua-s3bucket",
      "provider": "provider[\"registry.terraform.io/hashicorp/aws\"]",
      "instances": [
        {
          "schema_version": 0,
          "attributes": {
            "acceleration_status": "",
            "acl": null,
            "arn": "arn:aws:s3:::sudos-duihua-s3bucket",
            "bucket": "sudos-duihua-s3bucket",
            "bucket_domain_name": "sudos-duihua-s3bucket.s3.amazonaws.com",
            "bucket_prefix": null,
            "bucket_regional_domain_name": "sudos-duihua-s3bucket.s3.amazonaws.com",
            "cors_rule": [],
            "force_destroy": true,
            "grant": [
              {
                "id": "6580d4e6a5462485e72549fd7da81c02fc4d96aa71055766ae7f0a58f3e5f98d",
                "permissions": [
                  "FULL_CONTROL"
                ],
                "type": "CanonicalUser",
                "uri": ""
              }
            ],
            "hosted_zone_id": "Z3AQBSTGFYJSTF",
            "id": "sudos-duihua-s3bucket",
            "lifecycle_rule": [],
            "logging": [],
            "object_lock_configuration": [],
            "object_lock_enabled": false,
            "policy": "",
            "region": "us-east-1",
            "replication_configuration": [],
            "request_payer": "BucketOwner",
            "server_side_encryption_configuration": [],
            "tags": {
              "Name": "sudos-duihua-s3bucket"
            },
            "tags_all": {
              "Name": "sudos-duihua-s3bucket"
            },
            "versioning": [
              {
                "enabled": false,
                "mfa_delete": false
              }
            ],
            "website": [],
            "website_domain": null,
            "website_endpoint": null
          },
          "sensitive_attributes": [],
          "private": "bnVsbA=="
        }
      ]
    },
    {
      "module": "module.vpc",
      "mode": "managed",
      "type": "aws_internet_gateway",
      "name": "sudos-duihua-gateway",
      "provider": "provider[\"registry.terraform.io/hashicorp/aws\"]",
      "instances": [
        {
          "schema_version": 0,
          "attributes": {
            "arn": "arn:aws:ec2:us-east-1:365599589601:internet-gateway/igw-0a7f26b5c362269be",
            "id": "igw-0a7f26b5c362269be",
            "owner_id": "365599589601",
            "tags": {
              "Name": "sudos-duihua-gateway"
            },
            "tags_all": {
              "Name": "sudos-duihua-gateway"
            },
            "vpc_id": "vpc-08f8799e2992dd773"
          },
          "sensitive_attributes": [],
          "private": "bnVsbA==",
          "dependencies": [
            "module.vpc.aws_vpc.sudos-duihua-vpc"
          ]
        }
      ]
    },
    {
      "module": "module.vpc",
      "mode": "managed",
      "type": "aws_route",
      "name": "sudos-duihua-public-route",
      "provider": "provider[\"registry.terraform.io/hashicorp/aws\"]",
      "instances": [
        {
          "schema_version": 0,
          "attributes": {
            "carrier_gateway_id": "",
            "core_network_arn": "",
            "destination_cidr_block": "0.0.0.0/0",
            "destination_ipv6_cidr_block": "",
            "destination_prefix_list_id": "",
            "egress_only_gateway_id": "",
            "gateway_id": "igw-0a7f26b5c362269be",
            "id": "r-rtb-09783a87c588d73ab1080289494",
            "instance_id": "",
            "instance_owner_id": "",
            "local_gateway_id": "",
            "nat_gateway_id": "",
            "network_interface_id": "",
            "origin": "CreateRoute",
            "route_table_id": "rtb-09783a87c588d73ab",
            "state": "active",
            "timeouts": null,
            "transit_gateway_id": "",
            "vpc_endpoint_id": "",
            "vpc_peering_connection_id": ""
          },
          "sensitive_attributes": [],
          "private": "eyJlMmJmYjczMC1lY2FhLTExZTYtOGY4OC0zNDM2M2JjN2M0YzAiOnsiY3JlYXRlIjozMDAwMDAwMDAwMDAsImRlbGV0ZSI6MzAwMDAwMDAwMDAwLCJ1cGRhdGUiOjEyMDAwMDAwMDAwMH19",
          "dependencies": [
            "module.vpc.aws_internet_gateway.sudos-duihua-gateway",
            "module.vpc.aws_route_table.sudos-duihua-public-rt",
            "module.vpc.aws_vpc.sudos-duihua-vpc"
          ]
        }
      ]
    },
    {
      "module": "module.vpc",
      "mode": "managed",
      "type": "aws_route_table",
      "name": "sudos-duihua-public-rt",
      "provider": "provider[\"registry.terraform.io/hashicorp/aws\"]",
      "instances": [
        {
          "schema_version": 0,
          "attributes": {
            "arn": "arn:aws:ec2:us-east-1:365599589601:route-table/rtb-09783a87c588d73ab",
            "id": "rtb-09783a87c588d73ab",
            "owner_id": "365599589601",
            "propagating_vgws": [],
            "route": [
              {
                "carrier_gateway_id": "",
                "cidr_block": "0.0.0.0/0",
                "core_network_arn": "",
                "destination_prefix_list_id": "",
                "egress_only_gateway_id": "",
                "gateway_id": "igw-0a7f26b5c362269be",
                "instance_id": "",
                "ipv6_cidr_block": "",
                "local_gateway_id": "",
                "nat_gateway_id": "",
                "network_interface_id": "",
                "transit_gateway_id": "",
                "vpc_endpoint_id": "",
                "vpc_peering_connection_id": ""
              }
            ],
            "tags": {
              "Name": "sudos-duihua-public-rt"
            },
            "tags_all": {
              "Name": "sudos-duihua-public-rt"
            },
            "timeouts": null,
            "vpc_id": "vpc-08f8799e2992dd773"
          },
          "sensitive_attributes": [],
          "private": "eyJlMmJmYjczMC1lY2FhLTExZTYtOGY4OC0zNDM2M2JjN2M0YzAiOnsiY3JlYXRlIjozMDAwMDAwMDAwMDAsImRlbGV0ZSI6MzAwMDAwMDAwMDAwLCJ1cGRhdGUiOjEyMDAwMDAwMDAwMH19",
          "dependencies": [
            "module.vpc.aws_vpc.sudos-duihua-vpc"
          ]
        }
      ]
    },
    {
      "module": "module.vpc",
      "mode": "managed",
      "type": "aws_route_table_association",
      "name": "public",
      "provider": "provider[\"registry.terraform.io/hashicorp/aws\"]",
      "instances": [
        {
          "schema_version": 0,
          "attributes": {
            "gateway_id": "",
            "id": "rtbassoc-0ce02a4540a65e865",
            "route_table_id": "rtb-09783a87c588d73ab",
            "subnet_id": "subnet-0fe2899882a640ceb"
          },
          "sensitive_attributes": [],
          "private": "bnVsbA==",
          "dependencies": [
            "module.vpc.aws_route_table.sudos-duihua-public-rt",
            "module.vpc.aws_subnet.sudos-duihua-public_subnet",
            "module.vpc.aws_vpc.sudos-duihua-vpc"
          ]
        }
      ]
    },
    {
      "module": "module.vpc",
      "mode": "managed",
      "type": "aws_security_group",
      "name": "sudos-duihua-sg",
      "provider": "provider[\"registry.terraform.io/hashicorp/aws\"]",
      "instances": [
        {
          "schema_version": 1,
          "attributes": {
            "arn": "arn:aws:ec2:us-east-1:365599589601:security-group/sg-03f4a31600d4692c6",
            "description": "Managed by Terraform",
            "egress": [
              {
                "cidr_blocks": [
                  "0.0.0.0/0"
                ],
                "description": "",
                "from_port": 0,
                "ipv6_cidr_blocks": [],
                "prefix_list_ids": [],
                "protocol": "-1",
                "security_groups": [],
                "self": false,
                "to_port": 0
              }
            ],
            "id": "sg-03f4a31600d4692c6",
            "ingress": [
              {
                "cidr_blocks": [
                  "0.0.0.0/0"
                ],
                "description": "Security Group to Allow SSH and Jenkins Traffic",
                "from_port": 22,
                "ipv6_cidr_blocks": [],
                "prefix_list_ids": [],
                "protocol": "tcp",
                "security_groups": [],
                "self": false,
                "to_port": 22
              },
              {
                "cidr_blocks": [
                  "0.0.0.0/0"
                ],
                "description": "port 8080",
                "from_port": 8080,
                "ipv6_cidr_blocks": [],
                "prefix_list_ids": [],
                "protocol": "tcp",
                "security_groups": [],
                "self": false,
                "to_port": 8080
              },
              {
                "cidr_blocks": [
                  "0.0.0.0/0"
                ],
                "description": "port 9000",
                "from_port": 9000,
                "ipv6_cidr_blocks": [],
                "prefix_list_ids": [],
                "protocol": "tcp",
                "security_groups": [],
                "self": false,
                "to_port": 9000
              }
            ],
            "name": "terraform-20220916142602024900000001",
            "name_prefix": "terraform-",
            "owner_id": "365599589601",
            "revoke_rules_on_delete": false,
            "tags": {
              "Name": "sudos-duihua-sg"
            },
            "tags_all": {
              "Name": "sudos-duihua-sg"
            },
            "timeouts": null,
            "vpc_id": "vpc-08f8799e2992dd773"
          },
          "sensitive_attributes": [],
          "private": "eyJlMmJmYjczMC1lY2FhLTExZTYtOGY4OC0zNDM2M2JjN2M0YzAiOnsiY3JlYXRlIjo2MDAwMDAwMDAwMDAsImRlbGV0ZSI6OTAwMDAwMDAwMDAwfSwic2NoZW1hX3ZlcnNpb24iOiIxIn0=",
          "dependencies": [
            "module.vpc.aws_vpc.sudos-duihua-vpc"
          ]
        }
      ]
    },
    {
      "module": "module.vpc",
      "mode": "managed",
      "type": "aws_subnet",
      "name": "sudos-duihua-public_subnet",
      "provider": "provider[\"registry.terraform.io/hashicorp/aws\"]",
      "instances": [
        {
          "schema_version": 1,
          "attributes": {
            "arn": "arn:aws:ec2:us-east-1:365599589601:subnet/subnet-0fe2899882a640ceb",
            "assign_ipv6_address_on_creation": false,
            "availability_zone": "us-east-1a",
            "availability_zone_id": "use1-az6",
            "cidr_block": "192.168.1.0/24",
            "customer_owned_ipv4_pool": "",
            "enable_dns64": false,
            "enable_resource_name_dns_a_record_on_launch": false,
            "enable_resource_name_dns_aaaa_record_on_launch": false,
            "id": "subnet-0fe2899882a640ceb",
            "ipv6_cidr_block": "",
            "ipv6_cidr_block_association_id": "",
            "ipv6_native": false,
            "map_customer_owned_ip_on_launch": false,
            "map_public_ip_on_launch": false,
            "outpost_arn": "",
            "owner_id": "365599589601",
            "private_dns_hostname_type_on_launch": "ip-name",
            "tags": {
              "Name": "sudos-duihua-public_subnet"
            },
            "tags_all": {
              "Name": "sudos-duihua-public_subnet"
            },
            "timeouts": null,
            "vpc_id": "vpc-08f8799e2992dd773"
          },
          "sensitive_attributes": [],
          "private": "eyJlMmJmYjczMC1lY2FhLTExZTYtOGY4OC0zNDM2M2JjN2M0YzAiOnsiY3JlYXRlIjo2MDAwMDAwMDAwMDAsImRlbGV0ZSI6MTIwMDAwMDAwMDAwMH0sInNjaGVtYV92ZXJzaW9uIjoiMSJ9",
          "dependencies": [
            "module.vpc.aws_vpc.sudos-duihua-vpc"
          ]
        }
      ]
    },
    {
      "module": "module.vpc",
      "mode": "managed",
      "type": "aws_subnet",
      "name": "sudos-duihua-public_subnet2",
      "provider": "provider[\"registry.terraform.io/hashicorp/aws\"]",
      "instances": [
        {
          "schema_version": 1,
          "attributes": {
            "arn": "arn:aws:ec2:us-east-1:365599589601:subnet/subnet-0b38201bc06a9f016",
            "assign_ipv6_address_on_creation": false,
            "availability_zone": "us-east-1b",
            "availability_zone_id": "use1-az1",
            "cidr_block": "192.168.2.0/24",
            "customer_owned_ipv4_pool": "",
            "enable_dns64": false,
            "enable_resource_name_dns_a_record_on_launch": false,
            "enable_resource_name_dns_aaaa_record_on_launch": false,
            "id": "subnet-0b38201bc06a9f016",
            "ipv6_cidr_block": "",
            "ipv6_cidr_block_association_id": "",
            "ipv6_native": false,
            "map_customer_owned_ip_on_launch": false,
            "map_public_ip_on_launch": false,
            "outpost_arn": "",
            "owner_id": "365599589601",
            "private_dns_hostname_type_on_launch": "ip-name",
            "tags": {
              "Name": "sudos-duihua-public_subnet2"
            },
            "tags_all": {
              "Name": "sudos-duihua-public_subnet2"
            },
            "timeouts": null,
            "vpc_id": "vpc-08f8799e2992dd773"
          },
          "sensitive_attributes": [],
          "private": "eyJlMmJmYjczMC1lY2FhLTExZTYtOGY4OC0zNDM2M2JjN2M0YzAiOnsiY3JlYXRlIjo2MDAwMDAwMDAwMDAsImRlbGV0ZSI6MTIwMDAwMDAwMDAwMH0sInNjaGVtYV92ZXJzaW9uIjoiMSJ9",
          "dependencies": [
            "module.vpc.aws_vpc.sudos-duihua-vpc"
          ]
        }
      ]
    },
    {
      "module": "module.vpc",
      "mode": "managed",
      "type": "aws_vpc",
      "name": "sudos-duihua-vpc",
      "provider": "provider[\"registry.terraform.io/hashicorp/aws\"]",
      "instances": [
        {
          "schema_version": 1,
          "attributes": {
            "arn": "arn:aws:ec2:us-east-1:365599589601:vpc/vpc-08f8799e2992dd773",
            "assign_generated_ipv6_cidr_block": false,
            "cidr_block": "192.168.0.0/16",
            "default_network_acl_id": "acl-023750058c172975e",
            "default_route_table_id": "rtb-0f7210a57b9a2603c",
            "default_security_group_id": "sg-0fd346eb1f146b45e",
            "dhcp_options_id": "dopt-01bdf8ee2a404dc09",
            "enable_classiclink": false,
            "enable_classiclink_dns_support": false,
            "enable_dns_hostnames": false,
            "enable_dns_support": true,
            "id": "vpc-08f8799e2992dd773",
            "instance_tenancy": "default",
            "ipv4_ipam_pool_id": null,
            "ipv4_netmask_length": null,
            "ipv6_association_id": "",
            "ipv6_cidr_block": "",
            "ipv6_cidr_block_network_border_group": "",
            "ipv6_ipam_pool_id": "",
            "ipv6_netmask_length": 0,
            "main_route_table_id": "rtb-0f7210a57b9a2603c",
            "owner_id": "365599589601",
            "tags": {
              "Name": "sudos-duihua-vpc"
            },
            "tags_all": {
              "Name": "sudos-duihua-vpc"
            }
          },
          "sensitive_attributes": [],
          "private": "eyJzY2hlbWFfdmVyc2lvbiI6IjEifQ=="
        }
      ]
    }
  ]
}
